<?xml version="1.0" encoding="utf-8"?>
<Project ToolsVersion="4.0" xmlns="http://schemas.microsoft.com/developer/msbuild/2003">
  <ItemGroup>
    <ClCompile Include="FractalNoise.cpp" />
    <ClCompile Include="main.cpp" />
    <ClCompile Include="Perlin.cpp" />
    <ClCompile Include="RandomGenerator.cpp" />
    <ClCompile Include="StrangeTree.cpp" />
    <ClCompile Include="Componenets\Camera.cpp">
      <Filter>Components</Filter>
    </ClCompile>
    <ClCompile Include="Componenets\Mesh.cpp">
      <Filter>Components</Filter>
    </ClCompile>
    <ClCompile Include="Componenets\MeshPoints.cpp">
      <Filter>Components</Filter>
    </ClCompile>
    <ClCompile Include="Componenets\Material.cpp">
      <Filter>Components</Filter>
    </ClCompile>
    <ClCompile Include="Componenets\Texture.cpp">
      <Filter>Components</Filter>
    </ClCompile>
    <ClCompile Include="Utilities\stb_image.c">
      <Filter>Utilities</Filter>
    </ClCompile>
    <ClCompile Include="GreedyMeshing.cpp" />
    <ClCompile Include="Game\World.cpp">
      <Filter>Game</Filter>
    </ClCompile>
    <ClCompile Include="Game\Chunk.cpp">
      <Filter>Game</Filter>
    </ClCompile>
    <ClCompile Include="Utilities\WinTiming.cpp">
      <Filter>Utilities</Filter>
    </ClCompile>
    <ClCompile Include="Componenets\GUI.cpp">
      <Filter>Components</Filter>
    </ClCompile>
    <ClCompile Include="Componenets\InputManager.cpp">
      <Filter>Components</Filter>
    </ClCompile>
    <ClCompile Include="Utilities\Timing.cpp">
      <Filter>Utilities</Filter>
    </ClCompile>
    <ClCompile Include="Componenets\TextureCube.cpp">
      <Filter>Components</Filter>
    </ClCompile>
    <ClCompile Include="Componenets\SkyBox.cpp">
      <Filter>Components</Filter>
    </ClCompile>
  </ItemGroup>
  <ItemGroup>
    <ClInclude Include="BitMap\BitMap.h" />
    <ClInclude Include="FractalNoise.h" />
    <ClInclude Include="Perlin.h" />
    <ClInclude Include="RandomGenerator.h" />
    <ClInclude Include="StrangeTree.h" />
    <ClInclude Include="Utilities.h" />
    <ClInclude Include="Componenets\Camera.h">
      <Filter>Components</Filter>
    </ClInclude>
    <ClInclude Include="Componenets\Mesh.h">
      <Filter>Components</Filter>
    </ClInclude>
    <ClInclude Include="Componenets\MeshPoints.h">
      <Filter>Components</Filter>
    </ClInclude>
    <ClInclude Include="Componenets\Material.h">
      <Filter>Components</Filter>
    </ClInclude>
    <ClInclude Include="Componenets\Texture.h">
      <Filter>Components</Filter>
    </ClInclude>
    <ClInclude Include="Utilities\stb_image.h">
      <Filter>Utilities</Filter>
    </ClInclude>
    <ClInclude Include="GreedyMeshing.h" />
    <ClInclude Include="Game\World.h">
      <Filter>Game</Filter>
    </ClInclude>
    <ClInclude Include="Game\Chunk.h">
      <Filter>Game</Filter>
    </ClInclude>
    <ClInclude Include="Utilities\Debugging.h">
      <Filter>Utilities</Filter>
    </ClInclude>
    <ClInclude Include="Utilities\WinTiming.h">
      <Filter>Utilities</Filter>
    </ClInclude>
    <ClInclude Include="Componenets\GUI.h">
      <Filter>Components</Filter>
    </ClInclude>
    <ClInclude Include="Componenets\InputManager.h">
      <Filter>Components</Filter>
    </ClInclude>
    <ClInclude Include="Utilities\Timing.h">
      <Filter>Utilities</Filter>
    </ClInclude>
    <ClInclude Include="Componenets\TextureCube.h">
      <Filter>Components</Filter>
    </ClInclude>
    <ClInclude Include="Componenets\SkyBox.h">
      <Filter>Components</Filter>
    </ClInclude>
  </ItemGroup>
  <ItemGroup>
    <Filter Include="Components">
      <UniqueIdentifier>{05d149a7-b2de-4a4b-8a9d-fc3759f68386}</UniqueIdentifier>
    </Filter>
    <Filter Include="Shaders">
      <UniqueIdentifier>{93f7c0d5-1319-42d9-8a80-f6bf0cc0761a}</UniqueIdentifier>
    </Filter>
    <Filter Include="Utilities">
      <UniqueIdentifier>{1f264bd5-1402-47c3-bb72-78fedcd1f578}</UniqueIdentifier>
    </Filter>
    <Filter Include="Game">
      <UniqueIdentifier>{fb08965c-7b69-4c94-bae2-1f0053e6b14a}</UniqueIdentifier>
    </Filter>
  </ItemGroup>
  <ItemGroup>
    <None Include="Shaders\vert.shader">
      <Filter>Shaders</Filter>
    </None>
    <None Include="Shaders\vert_regular.shader">
      <Filter>Shaders</Filter>
    </None>
    <None Include="Shaders\frag.shader">
      <Filter>Shaders</Filter>
    </None>
    <None Include="Shaders\frag_atlas.shader">
      <Filter>Shaders</Filter>
    </None>
    <None Include="Shaders\frag_linemode.shader">
      <Filter>Shaders</Filter>
    </None>
    <None Include="Shaders\vert_linemode.shader">
      <Filter>Shaders</Filter>
    </None>
    <None Include="Shaders\vert_shadowMap.shader">
      <Filter>Shaders</Filter>
    </None>
    <None Include="Shaders\frag_shadowMap.shader">
      <Filter>Shaders</Filter>
    </None>
    <None Include="Shaders\cube_vs.shader">
      <Filter>Shaders</Filter>
    </None>
    <None Include="Shaders\cube_fs.shader">
      <Filter>Shaders</Filter>
    </None>
  </ItemGroup>
</Project>